{
    "name": "@crawlee/root",
    "lockfileVersion": 3,
    "requires": true,
    "packages": {
        "": {
            "name": "@crawlee/root",
            "license": "Apache-2.0",
            "workspaces": [
                "packages/*"
            ],
            "devDependencies": {
                "@apify/log": "^2.4.0",
                "@apify/tsconfig": "^0.1.0",
                "@types/node": "^20.0.0",
                "gen-esm-wrapper": "^1.1.3",
                "rimraf": "^5.0.5",
                "ts-node": "^11.0.0-beta.1",
                "turbo": "1.10.16",
                "typescript": "file:../../../../.volta/tools/image/packages/every-ts/lib/node_modules/every-ts/.data/TypeScript"
            }
        },
        "../../../../.volta/tools/image/packages/every-ts/lib/node_modules/every-ts/.data/TypeScript": {
            "name": "typescript",
            "version": "5.3.0",
            "dev": true,
            "license": "Apache-2.0",
            "bin": {
                "tsc": "bin/tsc",
                "tsserver": "bin/tsserver"
            },
            "devDependencies": {
                "@esfx/canceltoken": "^1.0.0",
                "@octokit/rest": "^19.0.13",
                "@types/chai": "^4.3.4",
                "@types/glob": "^8.1.0",
                "@types/microsoft__typescript-etw": "^0.1.1",
                "@types/minimist": "^1.2.2",
                "@types/mocha": "^10.0.1",
                "@types/ms": "^0.7.31",
                "@types/node": "latest",
                "@types/source-map-support": "^0.5.6",
                "@types/which": "^2.0.1",
                "@typescript-eslint/eslint-plugin": "^6.0.0",
                "@typescript-eslint/parser": "^6.0.0",
                "@typescript-eslint/utils": "^6.0.0",
                "azure-devops-node-api": "^12.0.0",
                "c8": "^7.14.0",
                "chai": "^4.3.7",
                "chalk": "^4.1.2",
                "chokidar": "^3.5.3",
                "diff": "^5.1.0",
                "dprint": "^0.41.0",
                "esbuild": "^0.19.0",
                "eslint": "^8.22.0",
                "eslint-formatter-autolinkable-stylish": "^1.2.0",
                "eslint-plugin-local": "^1.0.0",
                "eslint-plugin-no-null": "^1.0.2",
                "eslint-plugin-simple-import-sort": "^10.0.0",
                "fast-xml-parser": "^4.0.11",
                "glob": "^8.1.0",
                "hereby": "^1.6.4",
                "jsonc-parser": "^3.2.0",
                "minimist": "^1.2.8",
                "mocha": "^10.2.0",
                "mocha-fivemat-progress-reporter": "^0.1.0",
                "ms": "^2.1.3",
                "node-fetch": "^3.2.10",
                "playwright": "^1.38.0",
                "source-map-support": "^0.5.21",
                "tslib": "^2.5.0",
                "typescript": "^5.0.2",
                "which": "^2.0.2"
            },
            "engines": {
                "node": ">=14.17"
            }
        },
        "node_modules/@apify/consts": {
            "version": "2.23.0",
            "dev": true,
            "license": "Apache-2.0"
        },
        "node_modules/@apify/log": {
            "version": "2.4.3",
            "dev": true,
            "license": "Apache-2.0",
            "dependencies": {
                "@apify/consts": "^2.23.0",
                "ansi-colors": "^4.1.1"
            }
        },
        "node_modules/@apify/tsconfig": {
            "version": "0.1.0",
            "dev": true,
            "license": "Apache-2.0"
        },
        "node_modules/@crawlee/templates": {
            "resolved": "packages/templates",
            "link": true
        },
        "node_modules/@crawlee/types": {
            "resolved": "packages/types",
            "link": true
        },
        "node_modules/@cspotcode/source-map-support": {
            "version": "0.8.1",
            "dev": true,
            "license": "MIT",
            "dependencies": {
                "@jridgewell/trace-mapping": "0.3.9"
            },
            "engines": {
                "node": ">=12"
            }
        },
        "node_modules/@isaacs/cliui": {
            "version": "8.0.2",
            "dev": true,
            "license": "ISC",
            "dependencies": {
                "string-width": "^5.1.2",
                "string-width-cjs": "npm:string-width@^4.2.0",
                "strip-ansi": "^7.0.1",
                "strip-ansi-cjs": "npm:strip-ansi@^6.0.1",
                "wrap-ansi": "^8.1.0",
                "wrap-ansi-cjs": "npm:wrap-ansi@^7.0.0"
            },
            "engines": {
                "node": ">=12"
            }
        },
        "node_modules/@isaacs/cliui/node_modules/ansi-regex": {
            "version": "6.0.1",
            "dev": true,
            "license": "MIT",
            "engines": {
                "node": ">=12"
            },
            "funding": {
                "url": "https://github.com/chalk/ansi-regex?sponsor=1"
            }
        },
        "node_modules/@isaacs/cliui/node_modules/ansi-styles": {
            "version": "6.2.1",
            "dev": true,
            "license": "MIT",
            "engines": {
                "node": ">=12"
            },
            "funding": {
                "url": "https://github.com/chalk/ansi-styles?sponsor=1"
            }
        },
        "node_modules/@isaacs/cliui/node_modules/emoji-regex": {
            "version": "9.2.2",
            "dev": true,
            "license": "MIT"
        },
        "node_modules/@isaacs/cliui/node_modules/string-width": {
            "version": "5.1.2",
            "dev": true,
            "license": "MIT",
            "dependencies": {
                "eastasianwidth": "^0.2.0",
                "emoji-regex": "^9.2.2",
                "strip-ansi": "^7.0.1"
            },
            "engines": {
                "node": ">=12"
            },
            "funding": {
                "url": "https://github.com/sponsors/sindresorhus"
            }
        },
        "node_modules/@isaacs/cliui/node_modules/strip-ansi": {
            "version": "7.1.0",
            "dev": true,
            "license": "MIT",
            "dependencies": {
                "ansi-regex": "^6.0.1"
            },
            "engines": {
                "node": ">=12"
            },
            "funding": {
                "url": "https://github.com/chalk/strip-ansi?sponsor=1"
            }
        },
        "node_modules/@isaacs/cliui/node_modules/wrap-ansi": {
            "version": "8.1.0",
            "dev": true,
            "license": "MIT",
            "dependencies": {
                "ansi-styles": "^6.1.0",
                "string-width": "^5.0.1",
                "strip-ansi": "^7.0.1"
            },
            "engines": {
                "node": ">=12"
            },
            "funding": {
                "url": "https://github.com/chalk/wrap-ansi?sponsor=1"
            }
        },
        "node_modules/@jridgewell/resolve-uri": {
            "version": "3.1.1",
            "dev": true,
            "license": "MIT",
            "engines": {
                "node": ">=6.0.0"
            }
        },
        "node_modules/@jridgewell/sourcemap-codec": {
            "version": "1.4.15",
            "dev": true,
            "license": "MIT"
        },
        "node_modules/@jridgewell/trace-mapping": {
            "version": "0.3.9",
            "dev": true,
            "license": "MIT",
            "dependencies": {
                "@jridgewell/resolve-uri": "^3.0.3",
                "@jridgewell/sourcemap-codec": "^1.4.10"
            }
        },
        "node_modules/@ljharb/through": {
            "version": "2.3.11",
            "license": "MIT",
            "dependencies": {
                "call-bind": "^1.0.2"
            },
            "engines": {
                "node": ">= 0.4"
            }
        },
        "node_modules/@pkgjs/parseargs": {
            "version": "0.11.0",
            "dev": true,
            "license": "MIT",
            "optional": true,
            "engines": {
                "node": ">=14"
            }
        },
        "node_modules/@tsconfig/node14": {
            "version": "14.1.0",
            "dev": true,
            "license": "MIT"
        },
        "node_modules/@tsconfig/node16": {
            "version": "16.1.1",
            "dev": true,
            "license": "MIT"
        },
        "node_modules/@tsconfig/node18": {
            "version": "18.2.2",
            "dev": true,
            "license": "MIT"
        },
        "node_modules/@tsconfig/node20": {
            "version": "20.1.2",
            "dev": true,
            "license": "MIT"
        },
        "node_modules/@types/node": {
            "version": "20.9.4",
            "dev": true,
            "license": "MIT",
            "dependencies": {
                "undici-types": "~5.26.4"
            }
        },
        "node_modules/acorn": {
            "version": "8.11.2",
            "dev": true,
            "license": "MIT",
            "bin": {
                "acorn": "bin/acorn"
            },
            "engines": {
                "node": ">=0.4.0"
            }
        },
        "node_modules/acorn-walk": {
            "version": "8.3.0",
            "dev": true,
            "license": "MIT",
            "engines": {
                "node": ">=0.4.0"
            }
        },
        "node_modules/ansi-colors": {
            "version": "4.1.3",
            "license": "MIT",
            "engines": {
                "node": ">=6"
            }
        },
        "node_modules/ansi-escapes": {
            "version": "4.3.2",
            "license": "MIT",
            "dependencies": {
                "type-fest": "^0.21.3"
            },
            "engines": {
                "node": ">=8"
            },
            "funding": {
                "url": "https://github.com/sponsors/sindresorhus"
            }
        },
        "node_modules/ansi-regex": {
            "version": "2.1.1",
            "license": "MIT",
            "engines": {
                "node": ">=0.10.0"
            }
        },
        "node_modules/ansi-styles": {
            "version": "4.3.0",
            "license": "MIT",
            "dependencies": {
                "color-convert": "^2.0.1"
            },
            "engines": {
                "node": ">=8"
            },
            "funding": {
                "url": "https://github.com/chalk/ansi-styles?sponsor=1"
            }
        },
        "node_modules/arg": {
            "version": "4.1.3",
            "dev": true,
            "license": "MIT"
        },
        "node_modules/assert": {
            "version": "1.5.1",
            "dev": true,
            "license": "MIT",
            "dependencies": {
                "object.assign": "^4.1.4",
                "util": "^0.10.4"
            }
        },
        "node_modules/balanced-match": {
            "version": "1.0.2",
            "dev": true,
            "license": "MIT"
        },
        "node_modules/base64-js": {
            "version": "1.5.1",
            "funding": [
                {
                    "type": "github",
                    "url": "https://github.com/sponsors/feross"
                },
                {
                    "type": "patreon",
                    "url": "https://www.patreon.com/feross"
                },
                {
                    "type": "consulting",
                    "url": "https://feross.org/support"
                }
            ],
            "license": "MIT"
        },
        "node_modules/bl": {
            "version": "4.1.0",
            "license": "MIT",
            "dependencies": {
                "buffer": "^5.5.0",
                "inherits": "^2.0.4",
                "readable-stream": "^3.4.0"
            }
        },
        "node_modules/brace-expansion": {
            "version": "2.0.1",
            "dev": true,
            "license": "MIT",
            "dependencies": {
                "balanced-match": "^1.0.0"
            }
        },
        "node_modules/buffer": {
            "version": "5.7.1",
            "funding": [
                {
                    "type": "github",
                    "url": "https://github.com/sponsors/feross"
                },
                {
                    "type": "patreon",
                    "url": "https://www.patreon.com/feross"
                },
                {
                    "type": "consulting",
                    "url": "https://feross.org/support"
                }
            ],
            "license": "MIT",
            "dependencies": {
                "base64-js": "^1.3.1",
                "ieee754": "^1.1.13"
            }
        },
        "node_modules/call-bind": {
            "version": "1.0.5",
            "license": "MIT",
            "dependencies": {
                "function-bind": "^1.1.2",
                "get-intrinsic": "^1.2.1",
                "set-function-length": "^1.1.1"
            },
            "funding": {
                "url": "https://github.com/sponsors/ljharb"
            }
        },
        "node_modules/chalk": {
            "version": "4.1.2",
            "license": "MIT",
            "dependencies": {
                "ansi-styles": "^4.1.0",
                "supports-color": "^7.1.0"
            },
            "engines": {
                "node": ">=10"
            },
            "funding": {
                "url": "https://github.com/chalk/chalk?sponsor=1"
            }
        },
        "node_modules/chardet": {
            "version": "0.7.0",
            "license": "MIT"
        },
        "node_modules/cli-cursor": {
            "version": "3.1.0",
            "license": "MIT",
            "dependencies": {
                "restore-cursor": "^3.1.0"
            },
            "engines": {
                "node": ">=8"
            }
        },
        "node_modules/cli-spinners": {
            "version": "2.9.1",
            "license": "MIT",
            "engines": {
                "node": ">=6"
            },
            "funding": {
                "url": "https://github.com/sponsors/sindresorhus"
            }
        },
        "node_modules/cli-width": {
            "version": "4.1.0",
            "license": "ISC",
            "engines": {
                "node": ">= 12"
            }
        },
        "node_modules/cliui": {
            "version": "8.0.1",
            "license": "ISC",
            "dependencies": {
                "string-width": "^4.2.0",
                "strip-ansi": "^6.0.1",
                "wrap-ansi": "^7.0.0"
            },
            "engines": {
                "node": ">=12"
            }
        },
        "node_modules/clone": {
            "version": "1.0.4",
            "license": "MIT",
            "engines": {
                "node": ">=0.8"
            }
        },
        "node_modules/color-convert": {
            "version": "2.0.1",
            "license": "MIT",
            "dependencies": {
                "color-name": "~1.1.4"
            },
            "engines": {
                "node": ">=7.0.0"
            }
        },
        "node_modules/color-name": {
            "version": "1.1.4",
            "license": "MIT"
        },
        "node_modules/cross-spawn": {
            "version": "7.0.3",
            "dev": true,
            "license": "MIT",
            "dependencies": {
                "path-key": "^3.1.0",
                "shebang-command": "^2.0.0",
                "which": "^2.0.1"
            },
            "engines": {
                "node": ">= 8"
            }
        },
        "node_modules/defaults": {
            "version": "1.0.4",
            "license": "MIT",
            "dependencies": {
                "clone": "^1.0.2"
            },
            "funding": {
                "url": "https://github.com/sponsors/sindresorhus"
            }
        },
        "node_modules/define-data-property": {
            "version": "1.1.1",
            "license": "MIT",
            "dependencies": {
                "get-intrinsic": "^1.2.1",
                "gopd": "^1.0.1",
                "has-property-descriptors": "^1.0.0"
            },
            "engines": {
                "node": ">= 0.4"
            }
        },
        "node_modules/define-properties": {
            "version": "1.2.1",
            "dev": true,
            "license": "MIT",
            "dependencies": {
                "define-data-property": "^1.0.1",
                "has-property-descriptors": "^1.0.0",
                "object-keys": "^1.1.1"
            },
            "engines": {
                "node": ">= 0.4"
            },
            "funding": {
                "url": "https://github.com/sponsors/ljharb"
            }
        },
        "node_modules/diff": {
            "version": "4.0.2",
            "dev": true,
            "license": "BSD-3-Clause",
            "engines": {
                "node": ">=0.3.1"
            }
        },
        "node_modules/eastasianwidth": {
            "version": "0.2.0",
            "dev": true,
            "license": "MIT"
        },
        "node_modules/emoji-regex": {
            "version": "8.0.0",
            "license": "MIT"
        },
        "node_modules/escalade": {
            "version": "3.1.1",
            "license": "MIT",
            "engines": {
                "node": ">=6"
            }
        },
        "node_modules/escape-string-regexp": {
            "version": "5.0.0",
            "license": "MIT",
            "engines": {
                "node": ">=12"
            },
            "funding": {
                "url": "https://github.com/sponsors/sindresorhus"
            }
        },
        "node_modules/external-editor": {
            "version": "3.1.0",
            "license": "MIT",
            "dependencies": {
                "chardet": "^0.7.0",
                "iconv-lite": "^0.4.24",
                "tmp": "^0.0.33"
            },
            "engines": {
                "node": ">=4"
            }
        },
        "node_modules/figlet": {
            "version": "1.7.0",
            "license": "MIT",
            "bin": {
                "figlet": "bin/index.js"
            },
            "engines": {
                "node": ">= 0.4.0"
            }
        },
        "node_modules/figures": {
            "version": "5.0.0",
            "license": "MIT",
            "dependencies": {
                "escape-string-regexp": "^5.0.0",
                "is-unicode-supported": "^1.2.0"
            },
            "engines": {
                "node": ">=14"
            },
            "funding": {
                "url": "https://github.com/sponsors/sindresorhus"
            }
        },
        "node_modules/figures/node_modules/is-unicode-supported": {
            "version": "1.3.0",
            "license": "MIT",
            "engines": {
                "node": ">=12"
            },
            "funding": {
                "url": "https://github.com/sponsors/sindresorhus"
            }
        },
        "node_modules/foreground-child": {
            "version": "3.1.1",
            "dev": true,
            "license": "ISC",
            "dependencies": {
                "cross-spawn": "^7.0.0",
                "signal-exit": "^4.0.1"
            },
            "engines": {
                "node": ">=14"
            },
            "funding": {
                "url": "https://github.com/sponsors/isaacs"
            }
        },
        "node_modules/function-bind": {
            "version": "1.1.2",
            "license": "MIT",
            "funding": {
                "url": "https://github.com/sponsors/ljharb"
            }
        },
        "node_modules/gen-esm-wrapper": {
            "version": "1.1.3",
            "dev": true,
            "license": "MIT",
            "dependencies": {
                "is-valid-identifier": "^2.0.2"
            },
            "bin": {
                "gen-esm-wrapper": "gen-esm-wrapper.js"
            }
        },
        "node_modules/get-caller-file": {
            "version": "2.0.5",
            "license": "ISC",
            "engines": {
                "node": "6.* || 8.* || >= 10.*"
            }
        },
        "node_modules/get-intrinsic": {
            "version": "1.2.2",
            "license": "MIT",
            "dependencies": {
                "function-bind": "^1.1.2",
                "has-proto": "^1.0.1",
                "has-symbols": "^1.0.3",
                "hasown": "^2.0.0"
            },
            "funding": {
                "url": "https://github.com/sponsors/ljharb"
            }
        },
        "node_modules/glob": {
            "version": "10.3.10",
            "dev": true,
            "license": "ISC",
            "dependencies": {
                "foreground-child": "^3.1.0",
                "jackspeak": "^2.3.5",
                "minimatch": "^9.0.1",
                "minipass": "^5.0.0 || ^6.0.2 || ^7.0.0",
                "path-scurry": "^1.10.1"
            },
            "bin": {
                "glob": "dist/esm/bin.mjs"
            },
            "engines": {
                "node": ">=16 || 14 >=14.17"
            },
            "funding": {
                "url": "https://github.com/sponsors/isaacs"
            }
        },
        "node_modules/gopd": {
            "version": "1.0.1",
            "license": "MIT",
            "dependencies": {
                "get-intrinsic": "^1.1.3"
            },
            "funding": {
                "url": "https://github.com/sponsors/ljharb"
            }
        },
        "node_modules/has-ansi": {
            "version": "2.0.0",
            "license": "MIT",
            "dependencies": {
                "ansi-regex": "^2.0.0"
            },
            "engines": {
                "node": ">=0.10.0"
            }
        },
        "node_modules/has-flag": {
            "version": "4.0.0",
            "license": "MIT",
            "engines": {
                "node": ">=8"
            }
        },
        "node_modules/has-property-descriptors": {
            "version": "1.0.1",
            "license": "MIT",
            "dependencies": {
                "get-intrinsic": "^1.2.2"
            },
            "funding": {
                "url": "https://github.com/sponsors/ljharb"
            }
        },
        "node_modules/has-proto": {
            "version": "1.0.1",
            "license": "MIT",
            "engines": {
                "node": ">= 0.4"
            },
            "funding": {
                "url": "https://github.com/sponsors/ljharb"
            }
        },
        "node_modules/has-symbols": {
            "version": "1.0.3",
            "license": "MIT",
            "engines": {
                "node": ">= 0.4"
            },
            "funding": {
                "url": "https://github.com/sponsors/ljharb"
            }
        },
        "node_modules/hasown": {
            "version": "2.0.0",
            "license": "MIT",
            "dependencies": {
                "function-bind": "^1.1.2"
            },
            "engines": {
                "node": ">= 0.4"
            }
        },
        "node_modules/iconv-lite": {
            "version": "0.4.24",
            "license": "MIT",
            "dependencies": {
                "safer-buffer": ">= 2.1.2 < 3"
            },
            "engines": {
                "node": ">=0.10.0"
            }
        },
        "node_modules/ieee754": {
            "version": "1.2.1",
            "funding": [
                {
                    "type": "github",
                    "url": "https://github.com/sponsors/feross"
                },
                {
                    "type": "patreon",
                    "url": "https://www.patreon.com/feross"
                },
                {
                    "type": "consulting",
                    "url": "https://feross.org/support"
                }
            ],
            "license": "BSD-3-Clause"
        },
        "node_modules/inherits": {
            "version": "2.0.4",
            "license": "ISC"
        },
        "node_modules/inquirer": {
            "version": "9.2.12",
            "license": "MIT",
            "dependencies": {
                "@ljharb/through": "^2.3.11",
                "ansi-escapes": "^4.3.2",
                "chalk": "^5.3.0",
                "cli-cursor": "^3.1.0",
                "cli-width": "^4.1.0",
                "external-editor": "^3.1.0",
                "figures": "^5.0.0",
                "lodash": "^4.17.21",
                "mute-stream": "1.0.0",
                "ora": "^5.4.1",
                "run-async": "^3.0.0",
                "rxjs": "^7.8.1",
                "string-width": "^4.2.3",
                "strip-ansi": "^6.0.1",
                "wrap-ansi": "^6.2.0"
            },
            "engines": {
                "node": ">=14.18.0"
            }
        },
        "node_modules/inquirer/node_modules/chalk": {
            "version": "5.3.0",
            "license": "MIT",
            "engines": {
                "node": "^12.17.0 || ^14.13 || >=16.0.0"
            },
            "funding": {
                "url": "https://github.com/chalk/chalk?sponsor=1"
            }
        },
        "node_modules/inquirer/node_modules/wrap-ansi": {
            "version": "6.2.0",
            "license": "MIT",
            "dependencies": {
                "ansi-styles": "^4.0.0",
                "string-width": "^4.1.0",
                "strip-ansi": "^6.0.0"
            },
            "engines": {
                "node": ">=8"
            }
        },
        "node_modules/is-fullwidth-code-point": {
            "version": "3.0.0",
            "license": "MIT",
            "engines": {
                "node": ">=8"
            }
        },
        "node_modules/is-interactive": {
            "version": "1.0.0",
            "license": "MIT",
            "engines": {
                "node": ">=8"
            }
        },
        "node_modules/is-unicode-supported": {
            "version": "0.1.0",
            "license": "MIT",
            "engines": {
                "node": ">=10"
            },
            "funding": {
                "url": "https://github.com/sponsors/sindresorhus"
            }
        },
        "node_modules/is-valid-identifier": {
            "version": "2.0.2",
            "dev": true,
            "license": "MIT",
            "dependencies": {
                "assert": "^1.4.1"
            }
        },
        "node_modules/isexe": {
            "version": "2.0.0",
            "dev": true,
            "license": "ISC"
        },
        "node_modules/jackspeak": {
            "version": "2.3.6",
            "dev": true,
            "license": "BlueOak-1.0.0",
            "dependencies": {
                "@isaacs/cliui": "^8.0.2"
            },
            "engines": {
                "node": ">=14"
            },
            "funding": {
                "url": "https://github.com/sponsors/isaacs"
            },
            "optionalDependencies": {
                "@pkgjs/parseargs": "^0.11.0"
            }
        },
        "node_modules/lodash": {
            "version": "4.17.21",
            "license": "MIT"
        },
        "node_modules/log-symbols": {
            "version": "4.1.0",
            "license": "MIT",
            "dependencies": {
                "chalk": "^4.1.0",
                "is-unicode-supported": "^0.1.0"
            },
            "engines": {
                "node": ">=10"
            },
            "funding": {
                "url": "https://github.com/sponsors/sindresorhus"
            }
        },
        "node_modules/lru-cache": {
            "version": "10.0.3",
            "dev": true,
            "license": "ISC",
            "engines": {
                "node": "14 || >=16.14"
            }
        },
        "node_modules/make-error": {
            "version": "1.3.6",
            "dev": true,
            "license": "ISC"
        },
        "node_modules/mimic-fn": {
            "version": "2.1.0",
            "license": "MIT",
            "engines": {
                "node": ">=6"
            }
        },
        "node_modules/minimatch": {
            "version": "9.0.3",
            "dev": true,
            "license": "ISC",
            "dependencies": {
                "brace-expansion": "^2.0.1"
            },
            "engines": {
                "node": ">=16 || 14 >=14.17"
            },
            "funding": {
                "url": "https://github.com/sponsors/isaacs"
            }
        },
        "node_modules/minipass": {
            "version": "7.0.4",
            "dev": true,
            "license": "ISC",
            "engines": {
                "node": ">=16 || 14 >=14.17"
            }
        },
        "node_modules/mute-stream": {
            "version": "1.0.0",
            "license": "ISC",
            "engines": {
                "node": "^14.17.0 || ^16.13.0 || >=18.0.0"
            }
        },
        "node_modules/object-keys": {
            "version": "1.1.1",
            "dev": true,
            "license": "MIT",
            "engines": {
                "node": ">= 0.4"
            }
        },
        "node_modules/object.assign": {
            "version": "4.1.4",
            "dev": true,
            "license": "MIT",
            "dependencies": {
                "call-bind": "^1.0.2",
                "define-properties": "^1.1.4",
                "has-symbols": "^1.0.3",
                "object-keys": "^1.1.1"
            },
            "engines": {
                "node": ">= 0.4"
            },
            "funding": {
                "url": "https://github.com/sponsors/ljharb"
            }
        },
        "node_modules/onetime": {
            "version": "5.1.2",
            "license": "MIT",
            "dependencies": {
                "mimic-fn": "^2.1.0"
            },
            "engines": {
                "node": ">=6"
            },
            "funding": {
                "url": "https://github.com/sponsors/sindresorhus"
            }
        },
        "node_modules/ora": {
            "version": "5.4.1",
            "license": "MIT",
            "dependencies": {
                "bl": "^4.1.0",
                "chalk": "^4.1.0",
                "cli-cursor": "^3.1.0",
                "cli-spinners": "^2.5.0",
                "is-interactive": "^1.0.0",
                "is-unicode-supported": "^0.1.0",
                "log-symbols": "^4.1.0",
                "strip-ansi": "^6.0.0",
                "wcwidth": "^1.0.1"
            },
            "engines": {
                "node": ">=10"
            },
            "funding": {
                "url": "https://github.com/sponsors/sindresorhus"
            }
        },
        "node_modules/os-tmpdir": {
            "version": "1.0.2",
            "license": "MIT",
            "engines": {
                "node": ">=0.10.0"
            }
        },
        "node_modules/parent-require": {
            "version": "1.0.0",
            "engines": {
                "node": ">= 0.4.0"
            }
        },
        "node_modules/path-key": {
            "version": "3.1.1",
            "dev": true,
            "license": "MIT",
            "engines": {
                "node": ">=8"
            }
        },
        "node_modules/path-scurry": {
            "version": "1.10.1",
            "dev": true,
            "license": "BlueOak-1.0.0",
            "dependencies": {
                "lru-cache": "^9.1.1 || ^10.0.0",
                "minipass": "^5.0.0 || ^6.0.2 || ^7.0.0"
            },
            "engines": {
                "node": ">=16 || 14 >=14.17"
            },
            "funding": {
                "url": "https://github.com/sponsors/isaacs"
            }
        },
        "node_modules/readable-stream": {
            "version": "3.6.2",
            "license": "MIT",
            "dependencies": {
                "inherits": "^2.0.3",
                "string_decoder": "^1.1.1",
                "util-deprecate": "^1.0.1"
            },
            "engines": {
                "node": ">= 6"
            }
        },
        "node_modules/require-directory": {
            "version": "2.1.1",
            "license": "MIT",
            "engines": {
                "node": ">=0.10.0"
            }
        },
        "node_modules/restore-cursor": {
            "version": "3.1.0",
            "license": "MIT",
            "dependencies": {
                "onetime": "^5.1.0",
                "signal-exit": "^3.0.2"
            },
            "engines": {
                "node": ">=8"
            }
        },
        "node_modules/restore-cursor/node_modules/signal-exit": {
            "version": "3.0.7",
            "license": "ISC"
        },
        "node_modules/rimraf": {
            "version": "5.0.5",
            "dev": true,
            "license": "ISC",
            "dependencies": {
                "glob": "^10.3.7"
            },
            "bin": {
                "rimraf": "dist/esm/bin.mjs"
            },
            "engines": {
                "node": ">=14"
            },
            "funding": {
                "url": "https://github.com/sponsors/isaacs"
            }
        },
        "node_modules/run-async": {
            "version": "3.0.0",
            "license": "MIT",
            "engines": {
                "node": ">=0.12.0"
            }
        },
        "node_modules/rxjs": {
            "version": "7.8.1",
            "license": "Apache-2.0",
            "dependencies": {
                "tslib": "^2.1.0"
            }
        },
        "node_modules/safe-buffer": {
            "version": "5.2.1",
            "funding": [
                {
                    "type": "github",
                    "url": "https://github.com/sponsors/feross"
                },
                {
                    "type": "patreon",
                    "url": "https://www.patreon.com/feross"
                },
                {
                    "type": "consulting",
                    "url": "https://feross.org/support"
                }
            ],
            "license": "MIT"
        },
        "node_modules/safer-buffer": {
            "version": "2.1.2",
            "license": "MIT"
        },
        "node_modules/set-function-length": {
            "version": "1.1.1",
            "license": "MIT",
            "dependencies": {
                "define-data-property": "^1.1.1",
                "get-intrinsic": "^1.2.1",
                "gopd": "^1.0.1",
                "has-property-descriptors": "^1.0.0"
            },
            "engines": {
                "node": ">= 0.4"
            }
        },
        "node_modules/shebang-command": {
            "version": "2.0.0",
            "dev": true,
            "license": "MIT",
            "dependencies": {
                "shebang-regex": "^3.0.0"
            },
            "engines": {
                "node": ">=8"
            }
        },
        "node_modules/shebang-regex": {
            "version": "3.0.0",
            "dev": true,
            "license": "MIT",
            "engines": {
                "node": ">=8"
            }
        },
        "node_modules/signal-exit": {
            "version": "4.1.0",
            "dev": true,
            "license": "ISC",
            "engines": {
                "node": ">=14"
            },
            "funding": {
                "url": "https://github.com/sponsors/isaacs"
            }
        },
        "node_modules/string_decoder": {
            "version": "1.3.0",
            "license": "MIT",
            "dependencies": {
                "safe-buffer": "~5.2.0"
            }
        },
        "node_modules/string-width": {
            "version": "4.2.3",
            "license": "MIT",
            "dependencies": {
                "emoji-regex": "^8.0.0",
                "is-fullwidth-code-point": "^3.0.0",
                "strip-ansi": "^6.0.1"
            },
            "engines": {
                "node": ">=8"
            }
        },
        "node_modules/string-width-cjs": {
            "name": "string-width",
            "version": "4.2.3",
            "dev": true,
            "license": "MIT",
            "dependencies": {
                "emoji-regex": "^8.0.0",
                "is-fullwidth-code-point": "^3.0.0",
                "strip-ansi": "^6.0.1"
            },
            "engines": {
                "node": ">=8"
            }
        },
        "node_modules/strip-ansi": {
            "version": "6.0.1",
            "license": "MIT",
            "dependencies": {
                "ansi-regex": "^5.0.1"
            },
            "engines": {
                "node": ">=8"
            }
        },
        "node_modules/strip-ansi-cjs": {
            "name": "strip-ansi",
            "version": "6.0.1",
            "dev": true,
            "license": "MIT",
            "dependencies": {
                "ansi-regex": "^5.0.1"
            },
            "engines": {
                "node": ">=8"
            }
        },
        "node_modules/strip-ansi-cjs/node_modules/ansi-regex": {
            "version": "5.0.1",
            "dev": true,
            "license": "MIT",
            "engines": {
                "node": ">=8"
            }
        },
        "node_modules/strip-ansi/node_modules/ansi-regex": {
            "version": "5.0.1",
            "license": "MIT",
            "engines": {
                "node": ">=8"
            }
        },
        "node_modules/supports-color": {
            "version": "7.2.0",
            "license": "MIT",
            "dependencies": {
                "has-flag": "^4.0.0"
            },
            "engines": {
                "node": ">=8"
            }
        },
        "node_modules/tmp": {
            "version": "0.0.33",
            "license": "MIT",
            "dependencies": {
                "os-tmpdir": "~1.0.2"
            },
            "engines": {
                "node": ">=0.6.0"
            }
        },
        "node_modules/ts-node": {
            "version": "11.0.0-beta.1",
            "dev": true,
            "license": "MIT",
            "dependencies": {
                "@cspotcode/source-map-support": "^0.8.0",
                "@tsconfig/node14": "*",
                "@tsconfig/node16": "*",
                "@tsconfig/node18": "*",
                "@tsconfig/node20": "*",
                "acorn": "^8.4.1",
                "acorn-walk": "^8.1.1",
                "arg": "^4.1.0",
                "diff": "^4.0.1",
                "make-error": "^1.1.1",
                "v8-compile-cache-lib": "^3.0.1"
            },
            "bin": {
                "ts-node": "dist/bin.js",
                "ts-node-cwd": "dist/bin-cwd.js",
                "ts-node-esm": "dist/bin-esm.js",
                "ts-node-script": "dist/bin-script.js",
                "ts-node-transpile-only": "dist/bin-transpile.js"
            },
            "peerDependencies": {
                "@swc/core": ">=1.3.85",
                "@swc/wasm": ">=1.3.85",
                "@types/node": "*",
                "typescript": ">=4.4"
            },
            "peerDependenciesMeta": {
                "@swc/core": {
                    "optional": true
                },
                "@swc/wasm": {
                    "optional": true
                }
            }
        },
        "node_modules/tslib": {
            "version": "2.6.2",
            "license": "0BSD"
        },
        "node_modules/turbo": {
            "version": "1.10.16",
            "dev": true,
            "license": "MPL-2.0",
            "bin": {
                "turbo": "bin/turbo"
            },
            "optionalDependencies": {
                "turbo-darwin-64": "1.10.16",
                "turbo-darwin-arm64": "1.10.16",
                "turbo-linux-64": "1.10.16",
                "turbo-linux-arm64": "1.10.16",
                "turbo-windows-64": "1.10.16",
                "turbo-windows-arm64": "1.10.16"
            }
        },
        "node_modules/turbo-darwin-arm64": {
            "version": "1.10.16",
            "cpu": [
                "arm64"
            ],
            "dev": true,
            "license": "MPL-2.0",
            "optional": true,
            "os": [
                "darwin"
            ]
        },
        "node_modules/type-fest": {
            "version": "0.21.3",
            "license": "(MIT OR CC0-1.0)",
            "engines": {
                "node": ">=10"
            },
            "funding": {
                "url": "https://github.com/sponsors/sindresorhus"
            }
        },
        "node_modules/typescript": {
            "resolved": "../../../../.volta/tools/image/packages/every-ts/lib/node_modules/every-ts/.data/TypeScript",
            "link": true
        },
        "node_modules/undici-types": {
            "version": "5.26.5",
            "dev": true,
            "license": "MIT"
        },
        "node_modules/util": {
            "version": "0.10.4",
            "dev": true,
            "license": "MIT",
            "dependencies": {
                "inherits": "2.0.3"
            }
        },
        "node_modules/util-deprecate": {
            "version": "1.0.2",
            "license": "MIT"
        },
        "node_modules/util/node_modules/inherits": {
            "version": "2.0.3",
            "dev": true,
            "license": "ISC"
        },
        "node_modules/v8-compile-cache-lib": {
            "version": "3.0.1",
            "dev": true,
            "license": "MIT"
        },
        "node_modules/wcwidth": {
            "version": "1.0.1",
            "license": "MIT",
            "dependencies": {
                "defaults": "^1.0.3"
            }
        },
        "node_modules/which": {
            "version": "2.0.2",
            "dev": true,
            "license": "ISC",
            "dependencies": {
                "isexe": "^2.0.0"
            },
            "bin": {
                "node-which": "bin/node-which"
            },
            "engines": {
                "node": ">= 8"
            }
        },
        "node_modules/wrap-ansi": {
            "version": "7.0.0",
            "license": "MIT",
            "dependencies": {
                "ansi-styles": "^4.0.0",
                "string-width": "^4.1.0",
                "strip-ansi": "^6.0.0"
            },
            "engines": {
                "node": ">=10"
            },
            "funding": {
                "url": "https://github.com/chalk/wrap-ansi?sponsor=1"
            }
        },
        "node_modules/wrap-ansi-cjs": {
            "name": "wrap-ansi",
            "version": "7.0.0",
            "dev": true,
            "license": "MIT",
            "dependencies": {
                "ansi-styles": "^4.0.0",
                "string-width": "^4.1.0",
                "strip-ansi": "^6.0.0"
            },
            "engines": {
                "node": ">=10"
            },
            "funding": {
                "url": "https://github.com/chalk/wrap-ansi?sponsor=1"
            }
        },
        "node_modules/y18n": {
            "version": "5.0.8",
            "license": "ISC",
            "engines": {
                "node": ">=10"
            }
        },
        "node_modules/yargonaut": {
            "version": "1.1.4",
            "license": "Apache-2.0",
            "dependencies": {
                "chalk": "^1.1.1",
                "figlet": "^1.1.1",
                "parent-require": "^1.0.0"
            }
        },
        "node_modules/yargonaut/node_modules/ansi-styles": {
            "version": "2.2.1",
            "license": "MIT",
            "engines": {
                "node": ">=0.10.0"
            }
        },
        "node_modules/yargonaut/node_modules/chalk": {
            "version": "1.1.3",
            "license": "MIT",
            "dependencies": {
                "ansi-styles": "^2.2.1",
                "escape-string-regexp": "^1.0.2",
                "has-ansi": "^2.0.0",
                "strip-ansi": "^3.0.0",
                "supports-color": "^2.0.0"
            },
            "engines": {
                "node": ">=0.10.0"
            }
        },
        "node_modules/yargonaut/node_modules/escape-string-regexp": {
            "version": "1.0.5",
            "license": "MIT",
            "engines": {
                "node": ">=0.8.0"
            }
        },
        "node_modules/yargonaut/node_modules/strip-ansi": {
            "version": "3.0.1",
            "license": "MIT",
            "dependencies": {
                "ansi-regex": "^2.0.0"
            },
            "engines": {
                "node": ">=0.10.0"
            }
        },
        "node_modules/yargonaut/node_modules/supports-color": {
            "version": "2.0.0",
            "license": "MIT",
            "engines": {
                "node": ">=0.8.0"
            }
        },
        "node_modules/yargs": {
            "version": "17.7.2",
            "license": "MIT",
            "dependencies": {
                "cliui": "^8.0.1",
                "escalade": "^3.1.1",
                "get-caller-file": "^2.0.5",
                "require-directory": "^2.1.1",
                "string-width": "^4.2.3",
                "y18n": "^5.0.5",
                "yargs-parser": "^21.1.1"
            },
            "engines": {
                "node": ">=12"
            }
        },
        "node_modules/yargs-parser": {
            "version": "21.1.1",
            "license": "ISC",
            "engines": {
                "node": ">=12"
            }
        },
        "packages/templates": {
            "name": "@crawlee/templates",
            "version": "3.6.1",
            "license": "Apache-2.0",
            "dependencies": {
                "ansi-colors": "^4.1.3",
                "inquirer": "^9.0.0",
                "tslib": "^2.4.0",
                "yargonaut": "^1.1.4",
                "yargs": "^17.5.1"
            },
            "engines": {
                "node": ">=16.0.0"
            }
        },
        "packages/types": {
            "name": "@crawlee/types",
            "version": "3.6.1",
            "license": "Apache-2.0",
            "dependencies": {
                "tslib": "^2.4.0"
            },
            "engines": {
                "node": ">=16.0.0"
            }
        }
    }
}
